# THIS IS AN AUTOGENERATED FILE. DO NOT EDIT THIS FILE DIRECTLY.
# yarn lockfile v1


"@types/dom-serial@^1.0.3":
  version "1.0.3"
  resolved "https://registry.yarnpkg.com/@types/dom-serial/-/dom-serial-1.0.3.tgz#d4eae01b547a3f05f260fac194d79d0ccb365dd9"
  integrity sha512-iuuXTHSUQfosDJTN3AxTHfYtDZVehzAc07P0d6Y6/D0mNMoAzSQcAB8cf3glzH8MfMpZx8JDQv9C+PBpILVI3g==

typescript@^4.8.4:
  version "4.8.4"
  resolved "https://registry.yarnpkg.com/typescript/-/typescript-4.8.4.tgz#c464abca159669597be5f96b8943500b238e60e6"
  integrity sha512-QCh+85mCy+h0IGff8r5XWzOVSbBO+KfeYrMQh7NJ58QujwcE22u+NUSmUxqF+un70P9GXKxa2HCNiTTMJknyjQ==
